// !$*UTF8*$!
{
	archiveVersion = 1;
	classes = {
	};
	objectVersion = 55;
	objects = {

/* Begin PBXBuildFile section */
		3F74312727EC3AC3008DACBF /* GoogleService-Info.plist in Resources */ = {isa = PBXBuildFile; fileRef = 3F74312627EC3AC3008DACBF /* GoogleService-Info.plist */; };
		3FB02D9727E4714E0074E2C1 /* AppDelegate.swift in Sources */ = {isa = PBXBuildFile; fileRef = 3FB02D9627E4714E0074E2C1 /* AppDelegate.swift */; };
		3FB02D9927E4714E0074E2C1 /* SceneDelegate.swift in Sources */ = {isa = PBXBuildFile; fileRef = 3FB02D9827E4714E0074E2C1 /* SceneDelegate.swift */; };
		3FB02D9B27E4714E0074E2C1 /* WelcomeViewController.swift in Sources */ = {isa = PBXBuildFile; fileRef = 3FB02D9A27E4714E0074E2C1 /* WelcomeViewController.swift */; };
		3FB02D9E27E4714E0074E2C1 /* Main.storyboard in Resources */ = {isa = PBXBuildFile; fileRef = 3FB02D9C27E4714E0074E2C1 /* Main.storyboard */; };
		3FB02DA027E4714F0074E2C1 /* Assets.xcassets in Resources */ = {isa = PBXBuildFile; fileRef = 3FB02D9F27E4714F0074E2C1 /* Assets.xcassets */; };
		3FB02DA327E4714F0074E2C1 /* LaunchScreen.storyboard in Resources */ = {isa = PBXBuildFile; fileRef = 3FB02DA127E4714F0074E2C1 /* LaunchScreen.storyboard */; };
		3FB02DC827E471800074E2C1 /* FirebaseAuth in Frameworks */ = {isa = PBXBuildFile; productRef = 3FB02DC727E471800074E2C1 /* FirebaseAuth */; };
		3FB02DCA27E471800074E2C1 /* FirebaseFirestore in Frameworks */ = {isa = PBXBuildFile; productRef = 3FB02DC927E471800074E2C1 /* FirebaseFirestore */; };
		3FB02DD327E47AE30074E2C1 /* RegisterViewController.swift in Sources */ = {isa = PBXBuildFile; fileRef = 3FB02DD227E47AE30074E2C1 /* RegisterViewController.swift */; };
		3FB02DD527E47AED0074E2C1 /* LoginViewController.swift in Sources */ = {isa = PBXBuildFile; fileRef = 3FB02DD427E47AED0074E2C1 /* LoginViewController.swift */; };
		3FB02DD727E47AFA0074E2C1 /* ChatViewController.swift in Sources */ = {isa = PBXBuildFile; fileRef = 3FB02DD627E47AFA0074E2C1 /* ChatViewController.swift */; };
		3FB02DDA27E47B830074E2C1 /* Chat.swift in Sources */ = {isa = PBXBuildFile; fileRef = 3FB02DD927E47B830074E2C1 /* Chat.swift */; };
		3FDBCE8027E4822600DF3D1A /* MessageCell.swift in Sources */ = {isa = PBXBuildFile; fileRef = 3FDBCE7E27E4822600DF3D1A /* MessageCell.swift */; };
		3FDBCE8127E4822600DF3D1A /* MessageCell.xib in Resources */ = {isa = PBXBuildFile; fileRef = 3FDBCE7F27E4822600DF3D1A /* MessageCell.xib */; };
/* End PBXBuildFile section */

/* Begin PBXFileReference section */
		3F74312627EC3AC3008DACBF /* GoogleService-Info.plist */ = {isa = PBXFileReference; fileEncoding = 4; lastKnownFileType = text.plist.xml; path = "GoogleService-Info.plist"; sourceTree = "<group>"; };
		3FB02D9327E4714E0074E2C1 /* Chatting.app */ = {isa = PBXFileReference; explicitFileType = wrapper.application; includeInIndex = 0; path = Chatting.app; sourceTree = BUILT_PRODUCTS_DIR; };
		3FB02D9627E4714E0074E2C1 /* AppDelegate.swift */ = {isa = PBXFileReference; lastKnownFileType = sourcecode.swift; path = AppDelegate.swift; sourceTree = "<group>"; };
		3FB02D9827E4714E0074E2C1 /* SceneDelegate.swift */ = {isa = PBXFileReference; lastKnownFileType = sourcecode.swift; path = SceneDelegate.swift; sourceTree = "<group>"; };
		3FB02D9A27E4714E0074E2C1 /* WelcomeViewController.swift */ = {isa = PBXFileReference; lastKnownFileType = sourcecode.swift; path = WelcomeViewController.swift; sourceTree = "<group>"; };
		3FB02D9D27E4714E0074E2C1 /* Base */ = {isa = PBXFileReference; lastKnownFileType = file.storyboard; name = Base; path = Base.lproj/Main.storyboard; sourceTree = "<group>"; };
		3FB02D9F27E4714F0074E2C1 /* Assets.xcassets */ = {isa = PBXFileReference; lastKnownFileType = folder.assetcatalog; path = Assets.xcassets; sourceTree = "<group>"; };
		3FB02DA227E4714F0074E2C1 /* Base */ = {isa = PBXFileReference; lastKnownFileType = file.storyboard; name = Base; path = Base.lproj/LaunchScreen.storyboard; sourceTree = "<group>"; };
		3FB02DA427E4714F0074E2C1 /* Info.plist */ = {isa = PBXFileReference; lastKnownFileType = text.plist.xml; path = Info.plist; sourceTree = "<group>"; };
		3FB02DD227E47AE30074E2C1 /* RegisterViewController.swift */ = {isa = PBXFileReference; lastKnownFileType = sourcecode.swift; path = RegisterViewController.swift; sourceTree = "<group>"; };
		3FB02DD427E47AED0074E2C1 /* LoginViewController.swift */ = {isa = PBXFileReference; lastKnownFileType = sourcecode.swift; path = LoginViewController.swift; sourceTree = "<group>"; };
		3FB02DD627E47AFA0074E2C1 /* ChatViewController.swift */ = {isa = PBXFileReference; lastKnownFileType = sourcecode.swift; path = ChatViewController.swift; sourceTree = "<group>"; };
		3FB02DD927E47B830074E2C1 /* Chat.swift */ = {isa = PBXFileReference; lastKnownFileType = sourcecode.swift; path = Chat.swift; sourceTree = "<group>"; };
		3FDBCE7E27E4822600DF3D1A /* MessageCell.swift */ = {isa = PBXFileReference; lastKnownFileType = sourcecode.swift; path = MessageCell.swift; sourceTree = "<group>"; };
		3FDBCE7F27E4822600DF3D1A /* MessageCell.xib */ = {isa = PBXFileReference; lastKnownFileType = file.xib; path = MessageCell.xib; sourceTree = "<group>"; };
/* End PBXFileReference section */

/* Begin PBXFrameworksBuildPhase section */
		3FB02D9027E4714E0074E2C1 /* Frameworks */ = {
			isa = PBXFrameworksBuildPhase;
			buildActionMask = 2147483647;
			files = (
				3FB02DC827E471800074E2C1 /* FirebaseAuth in Frameworks */,
				3FB02DCA27E471800074E2C1 /* FirebaseFirestore in Frameworks */,
			);
			runOnlyForDeploymentPostprocessing = 0;
		};
/* End PBXFrameworksBuildPhase section */

/* Begin PBXGroup section */
		3FB02D8A27E4714E0074E2C1 = {
			isa = PBXGroup;
			children = (
				3FB02D9527E4714E0074E2C1 /* Chatting */,
				3FB02D9427E4714E0074E2C1 /* Products */,
			);
			sourceTree = "<group>";
		};
		3FB02D9427E4714E0074E2C1 /* Products */ = {
			isa = PBXGroup;
			children = (
				3FB02D9327E4714E0074E2C1 /* Chatting.app */,
			);
			name = Products;
			sourceTree = "<group>";
		};
		3FB02D9527E4714E0074E2C1 /* Chatting */ = {
			isa = PBXGroup;
			children = (
				3FB02DD827E47B7B0074E2C1 /* Model */,
				3FB02D9627E4714E0074E2C1 /* AppDelegate.swift */,
				3FB02D9827E4714E0074E2C1 /* SceneDelegate.swift */,
				3FB02DD127E47A420074E2C1 /* Controller */,
				3FB02DDB27E47C960074E2C1 /* View */,
				3FB02D9F27E4714F0074E2C1 /* Assets.xcassets */,
				3F74312627EC3AC3008DACBF /* GoogleService-Info.plist */,
				3FB02DA127E4714F0074E2C1 /* LaunchScreen.storyboard */,
				3FB02DA427E4714F0074E2C1 /* Info.plist */,
			);
			path = Chatting;
			sourceTree = "<group>";
		};
		3FB02DD127E47A420074E2C1 /* Controller */ = {
			isa = PBXGroup;
			children = (
				3FB02D9A27E4714E0074E2C1 /* WelcomeViewController.swift */,
				3FB02DD227E47AE30074E2C1 /* RegisterViewController.swift */,
				3FB02DD427E47AED0074E2C1 /* LoginViewController.swift */,
				3FB02DD627E47AFA0074E2C1 /* ChatViewController.swift */,
			);
			path = Controller;
			sourceTree = "<group>";
		};
		3FB02DD827E47B7B0074E2C1 /* Model */ = {
			isa = PBXGroup;
			children = (
				3FB02DD927E47B830074E2C1 /* Chat.swift */,
			);
			path = Model;
			sourceTree = "<group>";
		};
		3FB02DDB27E47C960074E2C1 /* View */ = {
			isa = PBXGroup;
			children = (
				3FB02D9C27E4714E0074E2C1 /* Main.storyboard */,
				3FDBCE7E27E4822600DF3D1A /* MessageCell.swift */,
				3FDBCE7F27E4822600DF3D1A /* MessageCell.xib */,
			);
			path = View;
			sourceTree = "<group>";
		};
/* End PBXGroup section */

/* Begin PBXNativeTarget section */
		3FB02D9227E4714E0074E2C1 /* Chatting */ = {
			isa = PBXNativeTarget;
			buildConfigurationList = 3FB02DBD27E4714F0074E2C1 /* Build configuration list for PBXNativeTarget "Chatting" */;
			buildPhases = (
				3FB02D8F27E4714E0074E2C1 /* Sources */,
				3FB02D9027E4714E0074E2C1 /* Frameworks */,
				3FB02D9127E4714E0074E2C1 /* Resources */,
			);
			buildRules = (
			);
			dependencies = (
			);
			name = Chatting;
			packageProductDependencies = (
				3FB02DC727E471800074E2C1 /* FirebaseAuth */,
				3FB02DC927E471800074E2C1 /* FirebaseFirestore */,
			);
			productName = Chatting;
			productReference = 3FB02D9327E4714E0074E2C1 /* Chatting.app */;
			productType = "com.apple.product-type.application";
		};
/* End PBXNativeTarget section */

/* Begin PBXProject section */
		3FB02D8B27E4714E0074E2C1 /* Project object */ = {
			isa = PBXProject;
			attributes = {
				BuildIndependentTargetsInParallel = 1;
				LastSwiftUpdateCheck = 1330;
				LastUpgradeCheck = 1330;
				TargetAttributes = {
					3FB02D9227E4714E0074E2C1 = {
						CreatedOnToolsVersion = 13.3;
					};
				};
			};
			buildConfigurationList = 3FB02D8E27E4714E0074E2C1 /* Build configuration list for PBXProject "Chatting" */;
			compatibilityVersion = "Xcode 13.0";
			developmentRegion = en;
			hasScannedForEncodings = 0;
			knownRegions = (
				en,
				Base,
			);
			mainGroup = 3FB02D8A27E4714E0074E2C1;
			packageReferences = (
				3FB02DC627E471800074E2C1 /* XCRemoteSwiftPackageReference "firebase-ios-sdk" */,
			);
			productRefGroup = 3FB02D9427E4714E0074E2C1 /* Products */;
			projectDirPath = "";
			projectRoot = "";
			targets = (
				3FB02D9227E4714E0074E2C1 /* Chatting */,
			);
		};
/* End PBXProject section */

/* Begin PBXResourcesBuildPhase section */
		3FB02D9127E4714E0074E2C1 /* Resources */ = {
			isa = PBXResourcesBuildPhase;
			buildActionMask = 2147483647;
			files = (
				3FB02DA327E4714F0074E2C1 /* LaunchScreen.storyboard in Resources */,
				3FDBCE8127E4822600DF3D1A /* MessageCell.xib in Resources */,
				3F74312727EC3AC3008DACBF /* GoogleService-Info.plist in Resources */,
				3FB02DA027E4714F0074E2C1 /* Assets.xcassets in Resources */,
				3FB02D9E27E4714E0074E2C1 /* Main.storyboard in Resources */,
			);
			runOnlyForDeploymentPostprocessing = 0;
		};
/* End PBXResourcesBuildPhase section */

/* Begin PBXSourcesBuildPhase section */
		3FB02D8F27E4714E0074E2C1 /* Sources */ = {
			isa = PBXSourcesBuildPhase;
			buildActionMask = 2147483647;
			files = (
				3FB02D9B27E4714E0074E2C1 /* WelcomeViewController.swift in Sources */,
				3FDBCE8027E4822600DF3D1A /* MessageCell.swift in Sources */,
				3FB02D9727E4714E0074E2C1 /* AppDelegate.swift in Sources */,
				3FB02DDA27E47B830074E2C1 /* Chat.swift in Sources */,
				3FB02D9927E4714E0074E2C1 /* SceneDelegate.swift in Sources */,
				3FB02DD527E47AED0074E2C1 /* LoginViewController.swift in Sources */,
				3FB02DD727E47AFA0074E2C1 /* ChatViewController.swift in Sources */,
				3FB02DD327E47AE30074E2C1 /* RegisterViewController.swift in Sources */,
			);
			runOnlyForDeploymentPostprocessing = 0;
		};
/* End PBXSourcesBuildPhase section */

/* Begin PBXVariantGroup section */
		3FB02D9C27E4714E0074E2C1 /* Main.storyboard */ = {
			isa = PBXVariantGroup;
			children = (
				3FB02D9D27E4714E0074E2C1 /* Base */,
			);
			name = Main.storyboard;
			sourceTree = "<group>";
		};
		3FB02DA127E4714F0074E2C1 /* LaunchScreen.storyboard */ = {
			isa = PBXVariantGroup;
			children = (
				3FB02DA227E4714F0074E2C1 /* Base */,
			);
			name = LaunchScreen.storyboard;
			sourceTree = "<group>";
		};
/* End PBXVariantGroup section */

/* Begin XCBuildConfiguration section */
		3FB02DBB27E4714F0074E2C1 /* Debug */ = {
			isa = XCBuildConfiguration;
			buildSettings = {
				ALWAYS_SEARCH_USER_PATHS = NO;
				CLANG_ANALYZER_NONNULL = YES;
				CLANG_ANALYZER_NUMBER_OBJECT_CONVERSION = YES_AGGRESSIVE;
				CLANG_CXX_LANGUAGE_STANDARD = "gnu++17";
				CLANG_ENABLE_MODULES = YES;
				CLANG_ENABLE_OBJC_ARC = YES;
				CLANG_ENABLE_OBJC_WEAK = YES;
				CLANG_WARN_BLOCK_CAPTURE_AUTORELEASING = YES;
				CLANG_WARN_BOOL_CONVERSION = YES;
				CLANG_WARN_COMMA = YES;
				CLANG_WARN_CONSTANT_CONVERSION = YES;
				CLANG_WARN_DEPRECATED_OBJC_IMPLEMENTATIONS = YES;
				CLANG_WARN_DIRECT_OBJC_ISA_USAGE = YES_ERROR;
				CLANG_WARN_DOCUMENTATION_COMMENTS = YES;
				CLANG_WARN_EMPTY_BODY = YES;
				CLANG_WARN_ENUM_CONVERSION = YES;
				CLANG_WARN_INFINITE_RECURSION = YES;
				CLANG_WARN_INT_CONVERSION = YES;
				CLANG_WARN_NON_LITERAL_NULL_CONVERSION = YES;
				CLANG_WARN_OBJC_IMPLICIT_RETAIN_SELF = YES;
				CLANG_WARN_OBJC_LITERAL_CONVERSION = YES;
				CLANG_WARN_OBJC_ROOT_CLASS = YES_ERROR;
				CLANG_WARN_QUOTED_INCLUDE_IN_FRAMEWORK_HEADER = YES;
				CLANG_WARN_RANGE_LOOP_ANALYSIS = YES;
				CLANG_WARN_STRICT_PROTOTYPES = YES;
				CLANG_WARN_SUSPICIOUS_MOVE = YES;
				CLANG_WARN_UNGUARDED_AVAILABILITY = YES_AGGRESSIVE;
				CLANG_WARN_UNREACHABLE_CODE = YES;
				CLANG_WARN__DUPLICATE_METHOD_MATCH = YES;
				COPY_PHASE_STRIP = NO;
				DEBUG_INFORMATION_FORMAT = dwarf;
				ENABLE_STRICT_OBJC_MSGSEND = YES;
				ENABLE_TESTABILITY = YES;
				GCC_C_LANGUAGE_STANDARD = gnu11;
				GCC_DYNAMIC_NO_PIC = NO;
				GCC_NO_COMMON_BLOCKS = YES;
				GCC_OPTIMIZATION_LEVEL = 0;
				GCC_PREPROCESSOR_DEFINITIONS = (
					"DEBUG=1",
					"$(inherited)",
				);
				GCC_WARN_64_TO_32_BIT_CONVERSION = YES;
				GCC_WARN_ABOUT_RETURN_TYPE = YES_ERROR;
				GCC_WARN_UNDECLARED_SELECTOR = YES;
				GCC_WARN_UNINITIALIZED_AUTOS = YES_AGGRESSIVE;
				GCC_WARN_UNUSED_FUNCTION = YES;
				GCC_WARN_UNUSED_VARIABLE = YES;
				IPHONEOS_DEPLOYMENT_TARGET = 15.4;
				MTL_ENABLE_DEBUG_INFO = INCLUDE_SOURCE;
				MTL_FAST_MATH = YES;
				ONLY_ACTIVE_ARCH = YES;
				SDKROOT = iphoneos;
				SWIFT_ACTIVE_COMPILATION_CONDITIONS = DEBUG;
				SWIFT_OPTIMIZATION_LEVEL = "-Onone";
			};
			name = Debug;
		};
		3FB02DBC27E4714F0074E2C1 /* Release */ = {
			isa = XCBuildConfiguration;
			buildSettings = {
				ALWAYS_SEARCH_USER_PATHS = NO;
				CLANG_ANALYZER_NONNULL = YES;
				CLANG_ANALYZER_NUMBER_OBJECT_CONVERSION = YES_AGGRESSIVE;
				CLANG_CXX_LANGUAGE_STANDARD = "gnu++17";
				CLANG_ENABLE_MODULES = YES;
				CLANG_ENABLE_OBJC_ARC = YES;
				CLANG_ENABLE_OBJC_WEAK = YES;
				CLANG_WARN_BLOCK_CAPTURE_AUTORELEASING = YES;
				CLANG_WARN_BOOL_CONVERSION = YES;
				CLANG_WARN_COMMA = YES;
				CLANG_WARN_CONSTANT_CONVERSION = YES;
				CLANG_WARN_DEPRECATED_OBJC_IMPLEMENTATIONS = YES;
				CLANG_WARN_DIRECT_OBJC_ISA_USAGE = YES_ERROR;
				CLANG_WARN_DOCUMENTATION_COMMENTS = YES;
				CLANG_WARN_EMPTY_BODY = YES;
				CLANG_WARN_ENUM_CONVERSION = YES;
				CLANG_WARN_INFINITE_RECURSION = YES;
				CLANG_WARN_INT_CONVERSION = YES;
				CLANG_WARN_NON_LITERAL_NULL_CONVERSION = YES;
				CLANG_WARN_OBJC_IMPLICIT_RETAIN_SELF = YES;
				CLANG_WARN_OBJC_LITERAL_CONVERSION = YES;
				CLANG_WARN_OBJC_ROOT_CLASS = YES_ERROR;
				CLANG_WARN_QUOTED_INCLUDE_IN_FRAMEWORK_HEADER = YES;
				CLANG_WARN_RANGE_LOOP_ANALYSIS = YES;
				CLANG_WARN_STRICT_PROTOTYPES = YES;
				CLANG_WARN_SUSPICIOUS_MOVE = YES;
				CLANG_WARN_UNGUARDED_AVAILABILITY = YES_AGGRESSIVE;
				CLANG_WARN_UNREACHABLE_CODE = YES;
				CLANG_WARN__DUPLICATE_METHOD_MATCH = YES;
				COPY_PHASE_STRIP = NO;
				DEBUG_INFORMATION_FORMAT = "dwarf-with-dsym";
				ENABLE_NS_ASSERTIONS = NO;
				ENABLE_STRICT_OBJC_MSGSEND = YES;
				GCC_C_LANGUAGE_STANDARD = gnu11;
				GCC_NO_COMMON_BLOCKS = YES;
				GCC_WARN_64_TO_32_BIT_CONVERSION = YES;
				GCC_WARN_ABOUT_RETURN_TYPE = YES_ERROR;
				GCC_WARN_UNDECLARED_SELECTOR = YES;
				GCC_WARN_UNINITIALIZED_AUTOS = YES_AGGRESSIVE;
				GCC_WARN_UNUSED_FUNCTION = YES;
				GCC_WARN_UNUSED_VARIABLE = YES;
				IPHONEOS_DEPLOYMENT_TARGET = 15.4;
				MTL_ENABLE_DEBUG_INFO = NO;
				MTL_FAST_MATH = YES;
				SDKROOT = iphoneos;
				SWIFT_COMPILATION_MODE = wholemodule;
				SWIFT_OPTIMIZATION_LEVEL = "-O";
				VALIDATE_PRODUCT = YES;
			};
			name = Release;
		};
		3FB02DBE27E4714F0074E2C1 /* Debug */ = {
			isa = XCBuildConfiguration;
			buildSettings = {
				ASSETCATALOG_COMPILER_APPICON_NAME = AppIcon;
				ASSETCATALOG_COMPILER_GLOBAL_ACCENT_COLOR_NAME = AccentColor;
				CODE_SIGN_STYLE = Automatic;
				CURRENT_PROJECT_VERSION = 1;
				DEVELOPMENT_TEAM = 6P9DVHVRR7;
				GENERATE_INFOPLIST_FILE = YES;
				INFOPLIST_FILE = Chatting/Info.plist;
				INFOPLIST_KEY_UIApplicationSupportsIndirectInputEvents = YES;
				INFOPLIST_KEY_UILaunchStoryboardName = LaunchScreen;
				INFOPLIST_KEY_UIMainStoryboardFile = Main;
				INFOPLIST_KEY_UISupportedInterfaceOrientations_iPad = "UIInterfaceOrientationPortrait UIInterfaceOrientationPortraitUpsideDown UIInterfaceOrientationLandscapeLeft UIInterfaceOrientationLandscapeRight";
				INFOPLIST_KEY_UISupportedInterfaceOrientations_iPhone = "UIInterfaceOrientationPortrait UIInterfaceOrientationLandscapeLeft UIInterfaceOrientationLandscapeRight";
				LD_RUNPATH_SEARCH_PATHS = (
					"$(inherited)",
					"@executable_path/Frameworks",
				);
				MARKETING_VERSION = 1.0;
				PRODUCT_BUNDLE_IDENTIFIER = com.my0366.Chatting;
				PRODUCT_NAME = "$(TARGET_NAME)";
				SWIFT_EMIT_LOC_STRINGS = YES;
				SWIFT_VERSION = 5.0;
				TARGETED_DEVICE_FAMILY = "1,2";
			};
			name = Debug;
		};
		3FB02DBF27E4714F0074E2C1 /* Release */ = {
			isa = XCBuildConfiguration;
			buildSettings = {
				ASSETCATALOG_COMPILER_APPICON_NAME = AppIcon;
				ASSETCATALOG_COMPILER_GLOBAL_ACCENT_COLOR_NAME = AccentColor;
				CODE_SIGN_STYLE = Automatic;
				CURRENT_PROJECT_VERSION = 1;
				DEVELOPMENT_TEAM = 6P9DVHVRR7;
				GENERATE_INFOPLIST_FILE = YES;
				INFOPLIST_FILE = Chatting/Info.plist;
				INFOPLIST_KEY_UIApplicationSupportsIndirectInputEvents = YES;
				INFOPLIST_KEY_UILaunchStoryboardName = LaunchScreen;
				INFOPLIST_KEY_UIMainStoryboardFile = Main;
				INFOPLIST_KEY_UISupportedInterfaceOrientations_iPad = "UIInterfaceOrientationPortrait UIInterfaceOrientationPortraitUpsideDown UIInterfaceOrientationLandscapeLeft UIInterfaceOrientationLandscapeRight";
				INFOPLIST_KEY_UISupportedInterfaceOrientations_iPhone = "UIInterfaceOrientationPortrait UIInterfaceOrientationLandscapeLeft UIInterfaceOrientationLandscapeRight";
				LD_RUNPATH_SEARCH_PATHS = (
					"$(inherited)",
					"@executable_path/Frameworks",
				);
				MARKETING_VERSION = 1.0;
				PRODUCT_BUNDLE_IDENTIFIER = com.my0366.Chatting;
				PRODUCT_NAME = "$(TARGET_NAME)";
				SWIFT_EMIT_LOC_STRINGS = YES;
				SWIFT_VERSION = 5.0;
				TARGETED_DEVICE_FAMILY = "1,2";
			};
			name = Release;
		};
/* End XCBuildConfiguration section */

/* Begin XCConfigurationList section */
		3FB02D8E27E4714E0074E2C1 /* Build configuration list for PBXProject "Chatting" */ = {
			isa = XCConfigurationList;
			buildConfigurations = (
				3FB02DBB27E4714F0074E2C1 /* Debug */,
				3FB02DBC27E4714F0074E2C1 /* Release */,
			);
			defaultConfigurationIsVisible = 0;
			defaultConfigurationName = Release;
		};
		3FB02DBD27E4714F0074E2C1 /* Build configuration list for PBXNativeTarget "Chatting" */ = {
			isa = XCConfigurationList;
			buildConfigurations = (
				3FB02DBE27E4714F0074E2C1 /* Debug */,
				3FB02DBF27E4714F0074E2C1 /* Release */,
			);
			defaultConfigurationIsVisible = 0;
			defaultConfigurationName = Release;
		};
/* End XCConfigurationList section */

/* Begin XCRemoteSwiftPackageReference section */
		3FB02DC627E471800074E2C1 /* XCRemoteSwiftPackageReference "firebase-ios-sdk" */ = {
			isa = XCRemoteSwiftPackageReference;
			repositoryURL = "https://github.com/firebase/firebase-ios-sdk";
			requirement = {
				kind = upToNextMajorVersion;
				minimumVersion = 8.0.0;
			};
		};
/* End XCRemoteSwiftPackageReference section */

/* Begin XCSwiftPackageProductDependency section */
		3FB02DC727E471800074E2C1 /* FirebaseAuth */ = {
			isa = XCSwiftPackageProductDependency;
			package = 3FB02DC627E471800074E2C1 /* XCRemoteSwiftPackageReference "firebase-ios-sdk" */;
			productName = FirebaseAuth;
		};
		3FB02DC927E471800074E2C1 /* FirebaseFirestore */ = {
			isa = XCSwiftPackageProductDependency;
			package = 3FB02DC627E471800074E2C1 /* XCRemoteSwiftPackageReference "firebase-ios-sdk" */;
			productName = FirebaseFirestore;
		};
/* End XCSwiftPackageProductDependency section */
	};
	rootObject = 3FB02D8B27E4714E0074E2C1 /* Project object */;
}
